
Microsoft Visual Studio Solution File, Format Version 12.00
# Visual Studio Version 17
VisualStudioVersion = 17.14.36414.22 d17.14
MinimumVisualStudioVersion = 10.0.40219.1
Project("{FAE04EC0-301F-11D3-BF4B-00C04F79EFBC}") = "OAuthMvcSample", "OAuthMvcSample.csproj", "{D603CEA6-CF36-E1A1-9340-2AFB0575F475}"
EndProject
Global
	GlobalSection(SolutionConfigurationPlatforms) = preSolution
		Debug|Any CPU = Debug|Any CPU
		Release|Any CPU = Release|Any CPU
	EndGlobalSection
	GlobalSection(ProjectConfigurationPlatforms) = postSolution
		{D603CEA6-CF36-E1A1-9340-2AFB0575F475}.Debug|Any CPU.ActiveCfg = Debug|Any CPU
		{D603CEA6-CF36-E1A1-9340-2AFB0575F475}.Debug|Any CPU.Build.0 = Debug|Any CPU
		{D603CEA6-CF36-E1A1-9340-2AFB0575F475}.Release|Any CPU.ActiveCfg = Release|Any CPU
		{D603CEA6-CF36-E1A1-9340-2AFB0575F475}.Release|Any CPU.Build.0 = Release|Any CPU
	EndGlobalSection
	GlobalSection(SolutionProperties) = preSolution
		HideSolutionNode = FALSE
	EndGlobalSection
	GlobalSection(ExtensibilityGlobals) = postSolution
		SolutionGuid = {DFF20B27-E138-45E0-8E8C-93DF2F40F2B1}
	EndGlobalSection
EndGlobal
